
Microsoft Visual Studio Solution File, Format Version 12.00
# Visual Studio 15
VisualStudioVersion = 15.0.28307.902
MinimumVisualStudioVersion = 10.0.40219.1
Project("{888888A0-9F3D-457C-B088-3A5042F75D52}") = "AnnotatedUnrealMaps", "AnnotatedUnrealMaps.pyproj", "{27A06E4B-9EEB-4E98-A06B-67707D9A0876}"
EndProject
Global
	GlobalSection(SolutionConfigurationPlatforms) = preSolution
		Debug|Any CPU = Debug|Any CPU
		Release|Any CPU = Release|Any CPU
	EndGlobalSection
	GlobalSection(ProjectConfigurationPlatforms) = postSolution
		{27A06E4B-9EEB-4E98-A06B-67707D9A0876}.Debug|Any CPU.ActiveCfg = Debug|Any CPU
		{27A06E4B-9EEB-4E98-A06B-67707D9A0876}.Release|Any CPU.ActiveCfg = Release|Any CPU
	EndGlobalSection
	GlobalSection(SolutionProperties) = preSolution
		HideSolutionNode = FALSE
	EndGlobalSection
	GlobalSection(ExtensibilityGlobals) = postSolution
		SolutionGuid = {6E7F00B2-98EA-4528-A6B4-6B3D9F6607E0}
	EndGlobalSection
EndGlobal
